{
  "name": "go-monorepo",
  "lockfileVersion": 3,
  "requires": true,
  "packages": {
    "": { "name": "go-monorepo", "workspaces": ["packages/js-pkg"] },
    "node_modules/js-pkg": { "resolved": "packages/js-pkg", "link": true },
    "packages/js-pkg": { "name": "js-pkg", "version": "1.0.0" }
  }
}
